{
  "name": "ninjagoat-messages",
  "version": "2.1.0",
  "lockfileVersion": 1,
  "requires": true,
  "dependencies": {
    "@types/bluebird": {
      "version": "3.0.37",
      "resolved": "http://tierra-npm-repository:4873/@types%2fbluebird/-/bluebird-3.0.37.tgz",
      "integrity": "sha1-LnazlKqb6kDQQkGjHAiHomAoM4g="
    },
    "@types/expect.js": {
      "version": "0.3.29",
      "resolved": "http://tierra-npm-repository:4873/@types%2fexpect.js/-/expect.js-0.3.29.tgz",
      "integrity": "sha1-KN01kVW4S47LCUr8P0t0wyItyjs=",
      "dev": true
    },
    "@types/lodash": {
      "version": "4.14.44",
      "resolved": "http://tierra-npm-repository:4873/@types%2flodash/-/lodash-4.14.44.tgz",
      "integrity": "sha1-BFhf8LgNXkNKX4bxXnlkvk93XLo="
    },
    "@types/mocha": {
      "version": "2.2.46",
      "resolved": "http://tierra-npm-repository:4873/@types%2fmocha/-/mocha-2.2.46.tgz",
      "integrity": "sha512-fwTTP5QLf4xHMkv7ovcKvmlLWX3GrxCa5DRQDOilVyYGCp+arZTAQJCy7/4GKezzYJjfWMpB/Cy4e8nrc9XioA==",
      "dev": true
    },
    "@types/node": {
      "version": "6.0.96",
      "resolved": "http://tierra-npm-repository:4873/@types%2fnode/-/node-6.0.96.tgz",
      "integrity": "sha512-fsOOY6tMQ3jCB2wD51XFDmmpgm4wVKkJECdcVRqapbJEa7awJDcr+SaH8toz+4r4KW8YQ3M7ybXMoSDo1QGewA=="
    },
    "@types/react": {
      "version": "15.0.38",
      "resolved": "http://tierra-npm-repository:4873/@types%2freact/-/react-15.0.38.tgz",
      "integrity": "sha512-CkRB27L/kMDu7K20U0V7BwYK9/kPd9Im6Jlxv2vAEolYBvQy6JrSpPJsbZXtOk4MoDUomkct8Q7PNBUSLd0fmg=="
    },
    "@types/react-intl": {
      "version": "2.1.2",
      "resolved": "http://tierra-npm-repository:4873/@types%2freact-intl/-/react-intl-2.1.2.tgz",
      "integrity": "sha1-/S5PJHLw04ZXgHs0uuZzWWa466w=",
      "requires": {
        "@types/react": "15.0.38"
      }
    },
    "asap": {
      "version": "2.0.6",
      "resolved": "http://tierra-npm-repository:4873/asap/-/asap-2.0.6.tgz",
      "integrity": "sha1-5QNHYR1+aQlDIIu9r+vLwvuGbUY="
    },
    "babel-runtime": {
      "version": "6.26.0",
      "resolved": "http://tierra-npm-repository:4873/babel-runtime/-/babel-runtime-6.26.0.tgz",
      "integrity": "sha1-llxwWGaOgrVde/4E/yM3vItWR/4=",
      "requires": {
        "core-js": "2.5.3",
        "regenerator-runtime": "0.11.1"
      }
    },
    "bluebird": {
      "version": "3.4.7",
      "resolved": "http://tierra-npm-repository:4873/bluebird/-/bluebird-3.4.7.tgz",
      "integrity": "sha1-9y12C+Cbf3bQjtj66Ysomo0F+rM="
    },
    "brcast": {
      "version": "3.0.1",
      "resolved": "http://tierra-npm-repository:4873/brcast/-/brcast-3.0.1.tgz",
      "integrity": "sha512-eI3yqf9YEqyGl9PCNTR46MGvDylGtaHjalcz6Q3fAPnP/PhpKkkve52vFdfGpwp4VUvK6LUr4TQN+2stCrEwTg=="
    },
    "chain-function": {
      "version": "1.0.0",
      "resolved": "http://tierra-npm-repository:4873/chain-function/-/chain-function-1.0.0.tgz",
      "integrity": "sha1-DUqzfn4Y6tC9xHuSB2QRjOWHM9w="
    },
    "change-emitter": {
      "version": "0.1.6",
      "resolved": "http://tierra-npm-repository:4873/change-emitter/-/change-emitter-0.1.6.tgz",
      "integrity": "sha1-6LL+PX8at9aaMhma/5HqaTFAlRU="
    },
    "classnames": {
      "version": "2.2.5",
      "resolved": "http://tierra-npm-repository:4873/classnames/-/classnames-2.2.5.tgz",
      "integrity": "sha1-+zgB1FNGdknvNgPH1hoCvRKb3m0="
    },
    "core-js": {
      "version": "2.5.3",
      "resolved": "http://tierra-npm-repository:4873/core-js/-/core-js-2.5.3.tgz",
      "integrity": "sha1-isw4NFgk8W2DZbfJtCWRaOjtYD4="
    },
    "create-react-class": {
      "version": "15.6.2",
      "resolved": "http://tierra-npm-repository:4873/create-react-class/-/create-react-class-15.6.2.tgz",
      "integrity": "sha1-zx7RXxKq1/FO9fLf4F5sQvke8Co=",
      "requires": {
        "fbjs": "0.8.16",
        "loose-envify": "1.3.1",
        "object-assign": "4.1.1"
      }
    },
    "css-vendor": {
      "version": "0.3.8",
      "resolved": "http://tierra-npm-repository:4873/css-vendor/-/css-vendor-0.3.8.tgz",
      "integrity": "sha1-ZCHP0wNM5mT+dnOXL9ARn8KJQfo=",
      "requires": {
        "is-in-browser": "1.1.3"
      }
    },
    "deepmerge": {
      "version": "1.5.2",
      "resolved": "http://tierra-npm-repository:4873/deepmerge/-/deepmerge-1.5.2.tgz",
      "integrity": "sha512-95k0GDqvBjZavkuvzx/YqVLv/6YYa17fz6ILMSf7neqQITCPbnfEnQvEgMPNjH4kgobe7+WIL0yJEHku+H3qtQ=="
    },
    "dom-helpers": {
      "version": "3.3.1",
      "resolved": "http://tierra-npm-repository:4873/dom-helpers/-/dom-helpers-3.3.1.tgz",
      "integrity": "sha512-2Sm+JaYn74OiTM2wHvxJOo3roiq/h25Yi69Fqk269cNUwIXsCvATB6CRSFC9Am/20G2b28hGv/+7NiWydIrPvg=="
    },
    "dom-walk": {
      "version": "0.1.1",
      "resolved": "http://tierra-npm-repository:4873/dom-walk/-/dom-walk-0.1.1.tgz",
      "integrity": "sha1-ZyIm3HTI95mtNTB9+TaroRrNYBg="
    },
    "encoding": {
      "version": "0.1.12",
      "resolved": "http://tierra-npm-repository:4873/encoding/-/encoding-0.1.12.tgz",
      "integrity": "sha1-U4tm8+5izRq1HsMjgp0flIDHS+s=",
      "requires": {
        "iconv-lite": "0.4.19"
      }
    },
    "expect.js": {
      "version": "0.3.1",
      "resolved": "http://tierra-npm-repository:4873/expect.js/-/expect.js-0.3.1.tgz",
      "integrity": "sha1-sKWaDS7/VDdUTr8M6qYBWEHQm1s=",
      "dev": true
    },
    "fbjs": {
      "version": "0.8.16",
      "resolved": "http://tierra-npm-repository:4873/fbjs/-/fbjs-0.8.16.tgz",
      "integrity": "sha1-XmdDL1UNxBtXK/VYR7ispk5TN9s=",
      "requires": {
        "core-js": "1.2.7",
        "isomorphic-fetch": "2.2.1",
        "loose-envify": "1.3.1",
        "object-assign": "4.1.1",
        "promise": "7.3.1",
        "setimmediate": "1.0.5",
        "ua-parser-js": "0.7.17"
      },
      "dependencies": {
        "core-js": {
          "version": "1.2.7",
          "resolved": "http://tierra-npm-repository:4873/core-js/-/core-js-1.2.7.tgz",
          "integrity": "sha1-ZSKUwUZR2yj6k70tX/KYOk8IxjY="
        }
      }
    },
    "global": {
      "version": "4.3.2",
      "resolved": "http://tierra-npm-repository:4873/global/-/global-4.3.2.tgz",
      "integrity": "sha1-52mJJopsdMOJCLEwWxD8DjlOnQ8=",
      "requires": {
        "min-document": "2.19.0",
        "process": "0.5.2"
      }
    },
    "hoist-non-react-statics": {
      "version": "1.2.0",
      "resolved": "http://tierra-npm-repository:4873/hoist-non-react-statics/-/hoist-non-react-statics-1.2.0.tgz",
      "integrity": "sha1-qkSM8JhtVcxAdzsXF0t90GbLfPs="
    },
    "iconv-lite": {
      "version": "0.4.19",
      "resolved": "http://tierra-npm-repository:4873/iconv-lite/-/iconv-lite-0.4.19.tgz",
      "integrity": "sha512-oTZqweIP51xaGPI4uPa56/Pri/480R+mo7SeU+YETByQNhDG55ycFyNLIgta9vXhILrxXDmF7ZGhqZIcuN0gJQ=="
    },
    "intl-format-cache": {
      "version": "2.1.0",
      "resolved": "http://tierra-npm-repository:4873/intl-format-cache/-/intl-format-cache-2.1.0.tgz",
      "integrity": "sha1-BKNp/sv61tpgBbrh8UMzMy3PkxY="
    },
    "intl-messageformat": {
      "version": "1.3.0",
      "resolved": "http://tierra-npm-repository:4873/intl-messageformat/-/intl-messageformat-1.3.0.tgz",
      "integrity": "sha1-99kmre16OrGbLcYB79VOmaS9Tq4=",
      "requires": {
        "intl-messageformat-parser": "1.2.0"
      }
    },
    "intl-messageformat-parser": {
      "version": "1.2.0",
      "resolved": "http://tierra-npm-repository:4873/intl-messageformat-parser/-/intl-messageformat-parser-1.2.0.tgz",
      "integrity": "sha1-WQa3+VOrdHDg3IVJCXtki5kYkv8="
    },
    "intl-relativeformat": {
      "version": "1.3.0",
      "resolved": "http://tierra-npm-repository:4873/intl-relativeformat/-/intl-relativeformat-1.3.0.tgz",
      "integrity": "sha1-iT3HB2/M04DPCRojAMOA+les5Fs=",
      "requires": {
        "intl-messageformat": "1.3.0"
      }
    },
    "invariant": {
      "version": "2.2.2",
      "resolved": "http://tierra-npm-repository:4873/invariant/-/invariant-2.2.2.tgz",
      "integrity": "sha1-nh9WrArNtr8wMwbzOL47IErmA2A=",
      "requires": {
        "loose-envify": "1.3.1"
      }
    },
    "inversify": {
      "version": "4.9.0",
      "resolved": "http://tierra-npm-repository:4873/inversify/-/inversify-4.9.0.tgz",
      "integrity": "sha512-YZWIlldCJohgw5/VFOyONH//Q99P0CNdDXc2baEWX2YnwJDjfJi2CAeXXMUY0RcgX4DfKZ1A3I3WJPK++5QIBw=="
    },
    "is-function": {
      "version": "1.0.1",
      "resolved": "http://tierra-npm-repository:4873/is-function/-/is-function-1.0.1.tgz",
      "integrity": "sha1-Es+5i2W1fdPRk6MSH19uL0N2ArU="
    },
    "is-in-browser": {
      "version": "1.1.3",
      "resolved": "http://tierra-npm-repository:4873/is-in-browser/-/is-in-browser-1.1.3.tgz",
      "integrity": "sha1-Vv9NtoOgeMYILrldrX3GLh0E+DU="
    },
    "is-plain-object": {
      "version": "2.0.4",
      "resolved": "http://tierra-npm-repository:4873/is-plain-object/-/is-plain-object-2.0.4.tgz",
      "integrity": "sha512-h5PpgXkWitc38BBMYawTYMWJHFZJVnBquFE57xFpjB8pJFiF6gZ+bU+WyI/yqXiFR5mdLsgYNaPe8uao6Uv9Og==",
      "requires": {
        "isobject": "3.0.1"
      }
    },
    "is-stream": {
      "version": "1.1.0",
      "resolved": "http://tierra-npm-repository:4873/is-stream/-/is-stream-1.1.0.tgz",
      "integrity": "sha1-EtSj3U5o4Lec6428hBc66A2RykQ="
    },
    "isobject": {
      "version": "3.0.1",
      "resolved": "http://tierra-npm-repository:4873/isobject/-/isobject-3.0.1.tgz",
      "integrity": "sha1-TkMekrEalzFjaqH5yNHMvP2reN8="
    },
    "isomorphic-fetch": {
      "version": "2.2.1",
      "resolved": "http://tierra-npm-repository:4873/isomorphic-fetch/-/isomorphic-fetch-2.2.1.tgz",
      "integrity": "sha1-YRrhrPFPXoH3KVB0coGf6XM1WKk=",
      "requires": {
        "node-fetch": "1.7.3",
        "whatwg-fetch": "2.0.3"
      }
    },
    "js-tokens": {
      "version": "3.0.2",
      "resolved": "http://tierra-npm-repository:4873/js-tokens/-/js-tokens-3.0.2.tgz",
      "integrity": "sha1-mGbfOVECEw449/mWvOtlRDIJwls="
    },
    "jss": {
      "version": "8.1.0",
      "resolved": "http://tierra-npm-repository:4873/jss/-/jss-8.1.0.tgz",
      "integrity": "sha512-NZ4CNAoPaPlM2rqHxPG5uGQbQEFZ9n1PITn0+wGIdAk2ZtA/F6el0SphLHf8So1Sx6N34hnVFFIuc32/hdsEzw==",
      "requires": {
        "is-in-browser": "1.1.3",
        "warning": "3.0.0"
      }
    },
    "jss-camel-case": {
      "version": "5.0.0",
      "resolved": "http://tierra-npm-repository:4873/jss-camel-case/-/jss-camel-case-5.0.0.tgz",
      "integrity": "sha512-vz11ip5EIlGuevtlUo9xIgiuD+it4Ebbb0+Y4o0A4oA8eOWY4aY7ihi/L7WvkQ54xnGOjUvLZ6nm2VYch2ufYg=="
    },
    "jss-compose": {
      "version": "4.0.0",
      "resolved": "http://tierra-npm-repository:4873/jss-compose/-/jss-compose-4.0.0.tgz",
      "integrity": "sha512-VnsEziD2Lwrfwp10wx39FNybRLW5+RX/E2qQAXPAMbS+nHc0Jf2dC6ZiCfn5FaBGrpzLfIZ9MalTJDx4CQoMAQ==",
      "requires": {
        "warning": "3.0.0"
      }
    },
    "jss-default-unit": {
      "version": "7.0.0",
      "resolved": "http://tierra-npm-repository:4873/jss-default-unit/-/jss-default-unit-7.0.0.tgz",
      "integrity": "sha512-U1Oi1h45vFRuISr+g1DQ3Oua7CkNKNs47fTdiT/lHkuBMc6BBDUbPv9IbPPhk9gsEaX45Iy9TX8CAuaHLPCfEA=="
    },
    "jss-expand": {
      "version": "4.0.1",
      "resolved": "http://tierra-npm-repository:4873/jss-expand/-/jss-expand-4.0.1.tgz",
      "integrity": "sha512-LRIMXXChAOgnhwSqYLJg8MS6dI98bf/sg52pAg04pbjOAtjfzyS0JTnQAiyk3PxqR3nKFR/Yv44ahpIpkdcxVA=="
    },
    "jss-extend": {
      "version": "5.0.0",
      "resolved": "http://tierra-npm-repository:4873/jss-extend/-/jss-extend-5.0.0.tgz",
      "integrity": "sha512-fUp+9KipbdmzSfTxNHoT3mrFnE7fYn7EyHg3LTUexfpWrwj5Afkwb3iCfYV7GYCpg9OKDsqc18atwjHvSPWWKg==",
      "requires": {
        "warning": "3.0.0"
      }
    },
    "jss-global": {
      "version": "2.0.0",
      "resolved": "http://tierra-npm-repository:4873/jss-global/-/jss-global-2.0.0.tgz",
      "integrity": "sha512-/FSOMp4lF/vg47T/w8kKvL9tu7ka9am8N4izS63W81Qlay9hAq6xe9RxrPxygLpnn4KEb8LNbkKRoUv4SJfQsQ=="
    },
    "jss-nested": {
      "version": "5.0.0",
      "resolved": "http://tierra-npm-repository:4873/jss-nested/-/jss-nested-5.0.0.tgz",
      "integrity": "sha512-9Molau+XVpSc6QEco3EC5yXmzeGMc5ZVII8+qy6jD6bvu6Y9mpfGoJ00LalR/n7xr/LC7Cxgs44UQQlLzumMBg==",
      "requires": {
        "warning": "3.0.0"
      }
    },
    "jss-preset-default": {
      "version": "3.0.0",
      "resolved": "http://tierra-npm-repository:4873/jss-preset-default/-/jss-preset-default-3.0.0.tgz",
      "integrity": "sha512-5wRsHsV89XjnQlUVN5jQfo6gcfcirDJmsMJL52HmWoQlV9SA+jhUtt1w3LjcJHe4e3tX4u/To/x3Btmhi+LZtQ==",
      "requires": {
        "jss-camel-case": "5.0.0",
        "jss-compose": "4.0.0",
        "jss-default-unit": "7.0.0",
        "jss-expand": "4.0.1",
        "jss-extend": "5.0.0",
        "jss-global": "2.0.0",
        "jss-nested": "5.0.0",
        "jss-props-sort": "5.0.0",
        "jss-vendor-prefixer": "6.0.0"
      }
    },
    "jss-props-sort": {
      "version": "5.0.0",
      "resolved": "http://tierra-npm-repository:4873/jss-props-sort/-/jss-props-sort-5.0.0.tgz",
      "integrity": "sha512-xtoVE7BlcPaMN/dzypHPYJn+QiphLPB1skypAOp9zLkOozPbR/x0JVAFdZnd7zqmmjvg+Ma/txjSg0HN/eZsGA=="
    },
    "jss-rtl": {
      "version": "0.2.1",
      "resolved": "http://tierra-npm-repository:4873/jss-rtl/-/jss-rtl-0.2.1.tgz",
      "integrity": "sha512-fvCsICgCz4N0hGhAAK9mikOoMSeeAnmhdXHkS9/JO9Z3zzRfHSURU6eRiXingxoFyv1O97sILlR2nFNudAZlYg==",
      "requires": {
        "rtl-css-js": "1.8.0"
      }
    },
    "jss-vendor-prefixer": {
      "version": "6.0.0",
      "resolved": "http://tierra-npm-repository:4873/jss-vendor-prefixer/-/jss-vendor-prefixer-6.0.0.tgz",
      "integrity": "sha512-leqW7B2QLXYsUNR3jsUZP3CkuOYcWXyfF8TSJc4XNxhVCNH7ztK5dcnF8nLoMnxT0w/ajloeJKcch2ty/viCAA==",
      "requires": {
        "css-vendor": "0.3.8"
      }
    },
    "keycode": {
      "version": "2.1.9",
      "resolved": "http://tierra-npm-repository:4873/keycode/-/keycode-2.1.9.tgz",
      "integrity": "sha1-lkojxU5IiUBbSGGlyfBIDUUUHfo="
    },
    "lodash": {
      "version": "4.10.0",
      "resolved": "http://tierra-npm-repository:4873/lodash/-/lodash-4.10.0.tgz",
      "integrity": "sha1-PY86x6WpBP2wHiz+FAGHm/llLGo="
    },
    "loose-envify": {
      "version": "1.3.1",
      "resolved": "http://tierra-npm-repository:4873/loose-envify/-/loose-envify-1.3.1.tgz",
      "integrity": "sha1-0aitM/qc4OcT1l/dCsi3SNR4yEg=",
      "requires": {
        "js-tokens": "3.0.2"
      }
    },
    "material-ui": {
      "version": "1.0.0-beta.16",
      "resolved": "http://tierra-npm-repository:4873/material-ui/-/material-ui-1.0.0-beta.16.tgz",
      "integrity": "sha1-4THB9xcHpnYIfwYuNKyUr7hdgr8=",
      "requires": {
        "babel-runtime": "6.26.0",
        "brcast": "3.0.1",
        "classnames": "2.2.5",
        "deepmerge": "1.5.2",
        "dom-helpers": "3.3.1",
        "hoist-non-react-statics": "1.2.0",
        "jss": "8.1.0",
        "jss-preset-default": "3.0.0",
        "jss-rtl": "0.2.1",
        "keycode": "2.1.9",
        "lodash": "4.17.4",
        "normalize-scroll-left": "0.1.2",
        "prop-types": "15.6.0",
        "react-event-listener": "0.5.3",
        "react-flow-types": "0.2.0-beta.6",
        "react-jss": "7.2.0",
        "react-popper": "0.7.5",
        "react-scrollbar-size": "2.0.2",
        "react-transition-group": "2.2.1",
        "recompose": "0.26.0",
        "scroll": "2.0.1",
        "warning": "3.0.0"
      },
      "dependencies": {
        "lodash": {
          "version": "4.17.4",
          "resolved": "http://tierra-npm-repository:4873/lodash/-/lodash-4.17.4.tgz",
          "integrity": "sha1-eCA6TRwyiuHYbcpkYONptX9AVa4="
        }
      }
    },
    "min-document": {
      "version": "2.19.0",
      "resolved": "http://tierra-npm-repository:4873/min-document/-/min-document-2.19.0.tgz",
      "integrity": "sha1-e9KC4/WELtKVu3SM3Z8f+iyCRoU=",
      "requires": {
        "dom-walk": "0.1.1"
      }
    },
    "ninjagoat-translations": {
      "version": "3.2.0",
      "resolved": "http://tierra-npm-repository:4873/ninjagoat-translations/-/ninjagoat-translations-3.2.0.tgz",
      "integrity": "sha1-YDZCylWRCuOrLkKrONOOroDnZs0=",
      "requires": {
        "@types/bluebird": "3.0.37",
        "@types/lodash": "4.14.44",
        "@types/node": "6.0.96",
        "@types/react": "15.0.38",
        "@types/react-intl": "2.1.2",
        "bluebird": "3.4.7",
        "inversify": "3.0.0",
        "lodash": "4.10.0",
        "react": "15.6.2",
        "react-dom": "15.6.2",
        "react-intl": "2.1.5",
        "reflect-metadata": "0.1.8",
        "rx": "4.1.0"
      },
      "dependencies": {
        "inversify": {
          "version": "3.0.0",
          "resolved": "http://tierra-npm-repository:4873/inversify/-/inversify-3.0.0.tgz",
          "integrity": "sha1-sOX35I9qNTUBSy8S4jOFyuOJTas="
        },
        "reflect-metadata": {
          "version": "0.1.8",
          "resolved": "http://tierra-npm-repository:4873/reflect-metadata/-/reflect-metadata-0.1.8.tgz",
          "integrity": "sha1-ckJtVwtgd242iJaL1auVN6Fc7PY="
        }
      }
    },
    "node-fetch": {
      "version": "1.7.3",
      "resolved": "http://tierra-npm-repository:4873/node-fetch/-/node-fetch-1.7.3.tgz",
      "integrity": "sha512-NhZ4CsKx7cYm2vSrBAr2PvFOe6sWDf0UYLRqA6svUYg7+/TSfVAu49jYC4BvQ4Sms9SZgdqGBgroqfDhJdTyKQ==",
      "requires": {
        "encoding": "0.1.12",
        "is-stream": "1.1.0"
      }
    },
    "normalize-scroll-left": {
      "version": "0.1.2",
      "resolved": "http://tierra-npm-repository:4873/normalize-scroll-left/-/normalize-scroll-left-0.1.2.tgz",
      "integrity": "sha512-F9YMRls0zCF6BFIE2YnXDRpHPpfd91nOIaNdDgrx5YMoPLo8Wqj+6jNXHQsYBavJeXP4ww8HCt0xQAKc5qk2Fg=="
    },
    "object-assign": {
      "version": "4.1.1",
      "resolved": "http://tierra-npm-repository:4873/object-assign/-/object-assign-4.1.1.tgz",
      "integrity": "sha1-IQmtx5ZYh8/AXLvUQsrIv7s2CGM="
    },
    "popper.js": {
      "version": "1.12.9",
      "resolved": "http://tierra-npm-repository:4873/popper.js/-/popper.js-1.12.9.tgz",
      "integrity": "sha1-DfvC3/lsRRuzMu3Pz6r1ZtMx1bM="
    },
    "postinstall-build": {
      "version": "2.1.3",
      "resolved": "http://tierra-npm-repository:4873/postinstall-build/-/postinstall-build-2.1.3.tgz",
      "integrity": "sha1-nRiGqylJYZ9MIGr74a6pXevkXJQ=",
      "dev": true
    },
    "process": {
      "version": "0.5.2",
      "resolved": "http://tierra-npm-repository:4873/process/-/process-0.5.2.tgz",
      "integrity": "sha1-FjjYqONML0QKkduVq5rrZ3/Bhc8="
    },
    "promise": {
      "version": "7.3.1",
      "resolved": "http://tierra-npm-repository:4873/promise/-/promise-7.3.1.tgz",
      "integrity": "sha512-nolQXZ/4L+bP/UGlkfaIujX9BKxGwmQ9OT4mOt5yvy8iK1h3wqTEJCijzGANTCCl9nWjY41juyAn2K3Q1hLLTg==",
      "requires": {
        "asap": "2.0.6"
      }
    },
    "prop-types": {
      "version": "15.6.0",
      "resolved": "http://tierra-npm-repository:4873/prop-types/-/prop-types-15.6.0.tgz",
      "integrity": "sha1-zq8IMCL8RrSjX2nhPvda7Q1jmFY=",
      "requires": {
        "fbjs": "0.8.16",
        "loose-envify": "1.3.1",
        "object-assign": "4.1.1"
      }
    },
    "rafl": {
      "version": "1.2.2",
      "resolved": "http://tierra-npm-repository:4873/rafl/-/rafl-1.2.2.tgz",
      "integrity": "sha1-/pMPdYIRAg1H44gV9Rlqi+QVB0A=",
      "requires": {
        "global": "4.3.2"
      }
    },
    "react": {
      "version": "15.6.2",
      "resolved": "http://tierra-npm-repository:4873/react/-/react-15.6.2.tgz",
      "integrity": "sha1-26BDSrQ5z+gvEI8PURZjkIF5qnI=",
      "requires": {
        "create-react-class": "15.6.2",
        "fbjs": "0.8.16",
        "loose-envify": "1.3.1",
        "object-assign": "4.1.1",
        "prop-types": "15.6.0"
      }
    },
    "react-dom": {
      "version": "15.6.2",
      "resolved": "http://tierra-npm-repository:4873/react-dom/-/react-dom-15.6.2.tgz",
      "integrity": "sha1-Qc+t9pO3V/rycIRDodH9WgK+9zA=",
      "requires": {
        "fbjs": "0.8.16",
        "loose-envify": "1.3.1",
        "object-assign": "4.1.1",
        "prop-types": "15.6.0"
      }
    },
    "react-event-listener": {
      "version": "0.5.3",
      "resolved": "http://tierra-npm-repository:4873/react-event-listener/-/react-event-listener-0.5.3.tgz",
      "integrity": "sha512-fTGYvhe7eTsqq0m664Km0rxKQcqLIGZWZINmy1LU0fu312tay8Mt3Twq2P5Xj1dfDVvvzT1Ql3/FDkiMPJ1MOg==",
      "requires": {
        "babel-runtime": "6.26.0",
        "fbjs": "0.8.16",
        "prop-types": "15.6.0",
        "warning": "3.0.0"
      }
    },
    "react-flow-types": {
      "version": "0.2.0-beta.6",
      "resolved": "http://tierra-npm-repository:4873/react-flow-types/-/react-flow-types-0.2.0-beta.6.tgz",
      "integrity": "sha512-I4f8oJFGxVJYrJLxG4sCPW7vWedNB8Eee1U2v+xBzRPlF7X5IBelqaDIKxBDLzDFb++AzpoU+uu1jFaKy1QssQ=="
    },
    "react-intl": {
      "version": "2.1.5",
      "resolved": "http://tierra-npm-repository:4873/react-intl/-/react-intl-2.1.5.tgz",
      "integrity": "sha1-+Xleo0t5DctdDY73Bg3dvoW/h2M=",
      "requires": {
        "intl-format-cache": "2.1.0",
        "intl-messageformat": "1.3.0",
        "intl-relativeformat": "1.3.0",
        "invariant": "2.2.2"
      }
    },
    "react-jss": {
      "version": "7.2.0",
      "resolved": "http://tierra-npm-repository:4873/react-jss/-/react-jss-7.2.0.tgz",
      "integrity": "sha512-vgnNFImsjfchBloCt0BCe7MeiNEiGtTm/MGA0RVFjU/ccTt+YAlfFhSlGJ+KOC3qQ9Sl5mkl07JatGfjW2CTQQ==",
      "requires": {
        "hoist-non-react-statics": "1.2.0",
        "jss": "8.1.0",
        "jss-preset-default": "3.0.0",
        "prop-types": "15.6.0",
        "theming": "1.3.0"
      }
    },
    "react-popper": {
      "version": "0.7.5",
      "resolved": "http://tierra-npm-repository:4873/react-popper/-/react-popper-0.7.5.tgz",
      "integrity": "sha512-ya9dhhGCf74JTOB2uyksEHhIGw7w9tNZRUJF73lEq2h4H5JT6MBa4PdT4G+sx6fZwq+xKZAL/sVNAIuojPn7Dg==",
      "requires": {
        "popper.js": "1.12.9",
        "prop-types": "15.6.0"
      }
    },
    "react-scrollbar-size": {
      "version": "2.0.2",
      "resolved": "http://tierra-npm-repository:4873/react-scrollbar-size/-/react-scrollbar-size-2.0.2.tgz",
      "integrity": "sha512-scpDs2PZFf9CJteBeDu7jkk7s+YX06Si4rQGVHsH6vjR/p7417q1Jv5SpOblLLesOgNrfWekwoHQG1g0/p3tvw==",
      "requires": {
        "babel-runtime": "6.26.0",
        "prop-types": "15.6.0",
        "react-event-listener": "0.5.3"
      }
    },
    "react-transition-group": {
      "version": "2.2.1",
      "resolved": "http://tierra-npm-repository:4873/react-transition-group/-/react-transition-group-2.2.1.tgz",
      "integrity": "sha512-q54UBM22bs/CekG8r3+vi9TugSqh0t7qcEVycaRc9M0p0aCEu+h6rp/RFiW7fHfgd1IKpd9oILFTl5QK+FpiPA==",
      "requires": {
        "chain-function": "1.0.0",
        "classnames": "2.2.5",
        "dom-helpers": "3.3.1",
        "loose-envify": "1.3.1",
        "prop-types": "15.6.0",
        "warning": "3.0.0"
      }
    },
    "recompose": {
      "version": "0.26.0",
      "resolved": "http://tierra-npm-repository:4873/recompose/-/recompose-0.26.0.tgz",
      "integrity": "sha512-KwOu6ztO0mN5vy3+zDcc45lgnaUoaQse/a5yLVqtzTK13czSWnFGmXbQVmnoMgDkI5POd1EwIKSbjU1V7xdZog==",
      "requires": {
        "change-emitter": "0.1.6",
        "fbjs": "0.8.16",
        "hoist-non-react-statics": "2.3.1",
        "symbol-observable": "1.1.0"
      },
      "dependencies": {
        "hoist-non-react-statics": {
          "version": "2.3.1",
          "resolved": "http://tierra-npm-repository:4873/hoist-non-react-statics/-/hoist-non-react-statics-2.3.1.tgz",
          "integrity": "sha1-ND24TGAYxlB3iJgkATWhQg7iLOA="
        }
      }
    },
    "reflect-metadata": {
      "version": "0.1.12",
      "resolved": "http://tierra-npm-repository:4873/reflect-metadata/-/reflect-metadata-0.1.12.tgz",
      "integrity": "sha512-n+IyV+nGz3+0q3/Yf1ra12KpCyi001bi4XFxSjbiWWjfqb52iTTtpGXmCCAOWWIAn9KEuFZKGqBERHmrtScZ3A=="
    },
    "regenerator-runtime": {
      "version": "0.11.1",
      "resolved": "http://tierra-npm-repository:4873/regenerator-runtime/-/regenerator-runtime-0.11.1.tgz",
      "integrity": "sha512-MguG95oij0fC3QV3URf4V2SDYGJhJnJGqvIIgdECeODCT98wSWDAJ94SSuVpYQUoTcGUIL6L4yNB7j1DFFHSBg=="
    },
    "rtl-css-js": {
      "version": "1.8.0",
      "resolved": "http://tierra-npm-repository:4873/rtl-css-js/-/rtl-css-js-1.8.0.tgz",
      "integrity": "sha512-SBIHpPkGPlxSejTUa7ZXDzExMm1csWCVcuE+ZSEofyXjejxEpfE1ZtltYRNxV/WRbgGGJsU9aBb6CUStQdaVHQ=="
    },
    "rx": {
      "version": "4.1.0",
      "resolved": "http://tierra-npm-repository:4873/rx/-/rx-4.1.0.tgz",
      "integrity": "sha1-pfE/957zt0D+MKqAP7CfmIBdR4I="
    },
    "scroll": {
      "version": "2.0.1",
      "resolved": "http://tierra-npm-repository:4873/scroll/-/scroll-2.0.1.tgz",
      "integrity": "sha1-tMfSfovPOuiligQvJyaK4/VfnM0=",
      "requires": {
        "rafl": "1.2.2"
      }
    },
    "setimmediate": {
      "version": "1.0.5",
      "resolved": "http://tierra-npm-repository:4873/setimmediate/-/setimmediate-1.0.5.tgz",
      "integrity": "sha1-KQy7Iy4waULX1+qbg3Mqt4VvgoU="
    },
    "symbol-observable": {
      "version": "1.1.0",
      "resolved": "http://tierra-npm-repository:4873/symbol-observable/-/symbol-observable-1.1.0.tgz",
      "integrity": "sha512-dQoid9tqQ+uotGhuTKEY11X4xhyYePVnqGSoSm3OGKh2E8LZ6RPULp1uXTctk33IeERlrRJYoVSBglsL05F5Uw=="
    },
    "theming": {
      "version": "1.3.0",
      "resolved": "http://tierra-npm-repository:4873/theming/-/theming-1.3.0.tgz",
      "integrity": "sha512-ya5Ef7XDGbTPBv5ENTwrwkPUexrlPeiAg/EI9kdlUAZhNlRbCdhMKRgjNX1IcmsmiPcqDQZE6BpSaH+cr31FKw==",
      "requires": {
        "brcast": "3.0.1",
        "is-function": "1.0.1",
        "is-plain-object": "2.0.4",
        "prop-types": "15.6.0"
      }
    },
    "typemoq": {
      "version": "1.5.0",
      "resolved": "http://tierra-npm-repository:4873/typemoq/-/typemoq-1.5.0.tgz",
      "integrity": "sha1-u4Hvi/QenY3WXdflzk6rjWCFv0Y=",
      "dev": true,
      "requires": {
        "lodash": "4.17.4",
        "postinstall-build": "2.1.3"
      },
      "dependencies": {
        "lodash": {
          "version": "4.17.4",
          "resolved": "http://tierra-npm-repository:4873/lodash/-/lodash-4.17.4.tgz",
          "integrity": "sha1-eCA6TRwyiuHYbcpkYONptX9AVa4=",
          "dev": true
        }
      }
    },
    "ua-parser-js": {
      "version": "0.7.17",
      "resolved": "http://tierra-npm-repository:4873/ua-parser-js/-/ua-parser-js-0.7.17.tgz",
      "integrity": "sha512-uRdSdu1oA1rncCQL7sCj8vSyZkgtL7faaw9Tc9rZ3mGgraQ7+Pdx7w5mnOSF3gw9ZNG6oc+KXfkon3bKuROm0g=="
    },
    "warning": {
      "version": "3.0.0",
      "resolved": "http://tierra-npm-repository:4873/warning/-/warning-3.0.0.tgz",
      "integrity": "sha1-MuU3fLVy3kqwR1O9+IIcAe1gW3w=",
      "requires": {
        "loose-envify": "1.3.1"
      }
    },
    "whatwg-fetch": {
      "version": "2.0.3",
      "resolved": "http://tierra-npm-repository:4873/whatwg-fetch/-/whatwg-fetch-2.0.3.tgz",
      "integrity": "sha1-nITsLc9oGH/wC8ZOEnS0QhduHIQ="
    }
  }
}
